
Microsoft Visual Studio Solution File, Format Version 12.00
# Visual Studio Version 17
VisualStudioVersion = 17.14.36301.6 d17.14
MinimumVisualStudioVersion = 10.0.40219.1
Project("{FAE04EC0-301F-11D3-BF4B-00C04F79EFBC}") = "Webapi", "Webapi.csproj", "{60525524-ECEA-43B4-BC76-F42A994DBE0F}"
EndProject
Global
	GlobalSection(SolutionConfigurationPlatforms) = preSolution
		Debug|Any CPU = Debug|Any CPU
		Release|Any CPU = Release|Any CPU
	EndGlobalSection
	GlobalSection(ProjectConfigurationPlatforms) = postSolution
		{60525524-ECEA-43B4-BC76-F42A994DBE0F}.Debug|Any CPU.ActiveCfg = Debug|Any CPU
		{60525524-ECEA-43B4-BC76-F42A994DBE0F}.Debug|Any CPU.Build.0 = Debug|Any CPU
		{60525524-ECEA-43B4-BC76-F42A994DBE0F}.Release|Any CPU.ActiveCfg = Release|Any CPU
		{60525524-ECEA-43B4-BC76-F42A994DBE0F}.Release|Any CPU.Build.0 = Release|Any CPU
	EndGlobalSection
	GlobalSection(SolutionProperties) = preSolution
		HideSolutionNode = FALSE
	EndGlobalSection
	GlobalSection(ExtensibilityGlobals) = postSolution
		SolutionGuid = {64AB9613-5907-4F34-9F71-F8AE9E0FB33F}
	EndGlobalSection
EndGlobal
